
Microsoft Visual Studio Solution File, Format Version 12.00
# Visual Studio Version 16
VisualStudioVersion = 16.0.30104.148
MinimumVisualStudioVersion = 10.0.40219.1
Project("{FAE04EC0-301F-11D3-BF4B-00C04F79EFBC}") = "антиDGA", "антиDGA\антиDGA.csproj", "{7DF1177D-6FD5-408B-86BB-FF8448049B06}"
EndProject
Global
	GlobalSection(SolutionConfigurationPlatforms) = preSolution
		Debug|Any CPU = Debug|Any CPU
		Release|Any CPU = Release|Any CPU
	EndGlobalSection
	GlobalSection(ProjectConfigurationPlatforms) = postSolution
		{7DF1177D-6FD5-408B-86BB-FF8448049B06}.Debug|Any CPU.ActiveCfg = Debug|Any CPU
		{7DF1177D-6FD5-408B-86BB-FF8448049B06}.Debug|Any CPU.Build.0 = Debug|Any CPU
		{7DF1177D-6FD5-408B-86BB-FF8448049B06}.Release|Any CPU.ActiveCfg = Release|Any CPU
		{7DF1177D-6FD5-408B-86BB-FF8448049B06}.Release|Any CPU.Build.0 = Release|Any CPU
	EndGlobalSection
	GlobalSection(SolutionProperties) = preSolution
		HideSolutionNode = FALSE
	EndGlobalSection
	GlobalSection(ExtensibilityGlobals) = postSolution
		SolutionGuid = {6CF37EE0-67AB-467D-85D8-3F0828A066E1}
	EndGlobalSection
EndGlobal
